// !$*UTF8*$!
{
	archiveVersion = 1;
	classes = {
	};
	objectVersion = 50;
	objects = {

/* Begin PBXBuildFile section */
		7705057D24734B09000E0D2F /* AppNameLabel.swift in Sources */ = {isa = PBXBuildFile; fileRef = 7705057C24734B09000E0D2F /* AppNameLabel.swift */; };
		7705057F24735483000E0D2F /* LogoCustomClass.swift in Sources */ = {isa = PBXBuildFile; fileRef = 7705057E24735483000E0D2F /* LogoCustomClass.swift */; };
		7705058124735747000E0D2F /* mbr-1014x792.png in Resources */ = {isa = PBXBuildFile; fileRef = 7705058024735747000E0D2F /* mbr-1014x792.png */; };
		7705058324736269000E0D2F /* DifficultyLevelsCustomButton.swift in Sources */ = {isa = PBXBuildFile; fileRef = 7705058224736269000E0D2F /* DifficultyLevelsCustomButton.swift */; };
		7705058524736B4D000E0D2F /* DashBoardScoreLabel.swift in Sources */ = {isa = PBXBuildFile; fileRef = 7705058424736B4D000E0D2F /* DashBoardScoreLabel.swift */; };
		77050587247371E2000E0D2F /* StackViewForDashBoardButtonAndLabel.swift in Sources */ = {isa = PBXBuildFile; fileRef = 77050586247371E2000E0D2F /* StackViewForDashBoardButtonAndLabel.swift */; };
		77050589247623C8000E0D2F /* ButtonsHeight.swift in Sources */ = {isa = PBXBuildFile; fileRef = 77050588247623C8000E0D2F /* ButtonsHeight.swift */; };
		775C734C23A0F34500A308B4 /* AppDelegate.swift in Sources */ = {isa = PBXBuildFile; fileRef = 775C734B23A0F34500A308B4 /* AppDelegate.swift */; };
		775C734E23A0F34600A308B4 /* SceneDelegate.swift in Sources */ = {isa = PBXBuildFile; fileRef = 775C734D23A0F34600A308B4 /* SceneDelegate.swift */; };
		775C735523A0F34700A308B4 /* Assets.xcassets in Resources */ = {isa = PBXBuildFile; fileRef = 775C735423A0F34700A308B4 /* Assets.xcassets */; };
		775C735823A0F34700A308B4 /* LaunchScreen.storyboard in Resources */ = {isa = PBXBuildFile; fileRef = 775C735623A0F34700A308B4 /* LaunchScreen.storyboard */; };
		77D4386623CD3BAD000F0C0E /* HomeViewController.swift in Sources */ = {isa = PBXBuildFile; fileRef = 77D4386523CD3BAD000F0C0E /* HomeViewController.swift */; };
/* End PBXBuildFile section */

/* Begin PBXFileReference section */
		7705057C24734B09000E0D2F /* AppNameLabel.swift */ = {isa = PBXFileReference; lastKnownFileType = sourcecode.swift; path = AppNameLabel.swift; sourceTree = "<group>"; };
		7705057E24735483000E0D2F /* LogoCustomClass.swift */ = {isa = PBXFileReference; lastKnownFileType = sourcecode.swift; path = LogoCustomClass.swift; sourceTree = "<group>"; };
		7705058024735747000E0D2F /* mbr-1014x792.png */ = {isa = PBXFileReference; lastKnownFileType = image.png; path = "mbr-1014x792.png"; sourceTree = "<group>"; };
		7705058224736269000E0D2F /* DifficultyLevelsCustomButton.swift */ = {isa = PBXFileReference; lastKnownFileType = sourcecode.swift; path = DifficultyLevelsCustomButton.swift; sourceTree = "<group>"; };
		7705058424736B4D000E0D2F /* DashBoardScoreLabel.swift */ = {isa = PBXFileReference; lastKnownFileType = sourcecode.swift; path = DashBoardScoreLabel.swift; sourceTree = "<group>"; };
		77050586247371E2000E0D2F /* StackViewForDashBoardButtonAndLabel.swift */ = {isa = PBXFileReference; lastKnownFileType = sourcecode.swift; path = StackViewForDashBoardButtonAndLabel.swift; sourceTree = "<group>"; };
		77050588247623C8000E0D2F /* ButtonsHeight.swift */ = {isa = PBXFileReference; lastKnownFileType = sourcecode.swift; path = ButtonsHeight.swift; sourceTree = "<group>"; };
		775C734823A0F34500A308B4 /* apiCall.app */ = {isa = PBXFileReference; explicitFileType = wrapper.application; includeInIndex = 0; path = apiCall.app; sourceTree = BUILT_PRODUCTS_DIR; };
		775C734B23A0F34500A308B4 /* AppDelegate.swift */ = {isa = PBXFileReference; lastKnownFileType = sourcecode.swift; path = AppDelegate.swift; sourceTree = "<group>"; };
		775C734D23A0F34600A308B4 /* SceneDelegate.swift */ = {isa = PBXFileReference; lastKnownFileType = sourcecode.swift; path = SceneDelegate.swift; sourceTree = "<group>"; };
		775C735423A0F34700A308B4 /* Assets.xcassets */ = {isa = PBXFileReference; lastKnownFileType = folder.assetcatalog; path = Assets.xcassets; sourceTree = "<group>"; };
		775C735723A0F34700A308B4 /* Base */ = {isa = PBXFileReference; lastKnownFileType = file.storyboard; name = Base; path = Base.lproj/LaunchScreen.storyboard; sourceTree = "<group>"; };
		775C735923A0F34700A308B4 /* Info.plist */ = {isa = PBXFileReference; lastKnownFileType = text.plist.xml; path = Info.plist; sourceTree = "<group>"; };
		77D4386523CD3BAD000F0C0E /* HomeViewController.swift */ = {isa = PBXFileReference; lastKnownFileType = sourcecode.swift; path = HomeViewController.swift; sourceTree = "<group>"; };
/* End PBXFileReference section */

/* Begin PBXFrameworksBuildPhase section */
		775C734523A0F34500A308B4 /* Frameworks */ = {
			isa = PBXFrameworksBuildPhase;
			buildActionMask = 2147483647;
			files = (
			);
			runOnlyForDeploymentPostprocessing = 0;
		};
/* End PBXFrameworksBuildPhase section */

/* Begin PBXGroup section */
		7705057924734A93000E0D2F /* Controllers */ = {
			isa = PBXGroup;
			children = (
				77D4386523CD3BAD000F0C0E /* HomeViewController.swift */,
			);
			path = Controllers;
			sourceTree = "<group>";
		};
		7705057A24734AA9000E0D2F /* Models */ = {
			isa = PBXGroup;
			children = (
				77050588247623C8000E0D2F /* ButtonsHeight.swift */,
			);
			path = Models;
			sourceTree = "<group>";
		};
		7705057B24734AAF000E0D2F /* Views */ = {
			isa = PBXGroup;
			children = (
				7705057C24734B09000E0D2F /* AppNameLabel.swift */,
				7705057E24735483000E0D2F /* LogoCustomClass.swift */,
				7705058224736269000E0D2F /* DifficultyLevelsCustomButton.swift */,
				7705058424736B4D000E0D2F /* DashBoardScoreLabel.swift */,
				77050586247371E2000E0D2F /* StackViewForDashBoardButtonAndLabel.swift */,
			);
			path = Views;
			sourceTree = "<group>";
		};
		775C733F23A0F34500A308B4 = {
			isa = PBXGroup;
			children = (
				775C734A23A0F34500A308B4 /* apiCall */,
				775C734923A0F34500A308B4 /* Products */,
			);
			sourceTree = "<group>";
		};
		775C734923A0F34500A308B4 /* Products */ = {
			isa = PBXGroup;
			children = (
				775C734823A0F34500A308B4 /* apiCall.app */,
			);
			name = Products;
			sourceTree = "<group>";
		};
		775C734A23A0F34500A308B4 /* apiCall */ = {
			isa = PBXGroup;
			children = (
				775C735F23A0F37200A308B4 /* helper */,
				7705057A24734AA9000E0D2F /* Models */,
				7705057B24734AAF000E0D2F /* Views */,
				7705057924734A93000E0D2F /* Controllers */,
				775C735923A0F34700A308B4 /* Info.plist */,
				7705058024735747000E0D2F /* mbr-1014x792.png */,
			);
			path = apiCall;
			sourceTree = "<group>";
		};
		775C735F23A0F37200A308B4 /* helper */ = {
			isa = PBXGroup;
			children = (
				775C734B23A0F34500A308B4 /* AppDelegate.swift */,
				775C734D23A0F34600A308B4 /* SceneDelegate.swift */,
				775C735423A0F34700A308B4 /* Assets.xcassets */,
				775C735623A0F34700A308B4 /* LaunchScreen.storyboard */,
			);
			path = helper;
			sourceTree = "<group>";
		};
/* End PBXGroup section */

/* Begin PBXNativeTarget section */
		775C734723A0F34500A308B4 /* apiCall */ = {
			isa = PBXNativeTarget;
			buildConfigurationList = 775C735C23A0F34700A308B4 /* Build configuration list for PBXNativeTarget "apiCall" */;
			buildPhases = (
				775C734423A0F34500A308B4 /* Sources */,
				775C734523A0F34500A308B4 /* Frameworks */,
				775C734623A0F34500A308B4 /* Resources */,
			);
			buildRules = (
			);
			dependencies = (
			);
			name = apiCall;
			productName = apiCall;
			productReference = 775C734823A0F34500A308B4 /* apiCall.app */;
			productType = "com.apple.product-type.application";
		};
/* End PBXNativeTarget section */

/* Begin PBXProject section */
		775C734023A0F34500A308B4 /* Project object */ = {
			isa = PBXProject;
			attributes = {
				LastSwiftUpdateCheck = 1130;
				LastUpgradeCheck = 1130;
				ORGANIZATIONNAME = "Mo Drame";
				TargetAttributes = {
					775C734723A0F34500A308B4 = {
						CreatedOnToolsVersion = 11.3;
					};
				};
			};
			buildConfigurationList = 775C734323A0F34500A308B4 /* Build configuration list for PBXProject "apiCall" */;
			compatibilityVersion = "Xcode 9.3";
			developmentRegion = en;
			hasScannedForEncodings = 0;
			knownRegions = (
				en,
				Base,
			);
			mainGroup = 775C733F23A0F34500A308B4;
			productRefGroup = 775C734923A0F34500A308B4 /* Products */;
			projectDirPath = "";
			projectRoot = "";
			targets = (
				775C734723A0F34500A308B4 /* apiCall */,
			);
		};
/* End PBXProject section */

/* Begin PBXResourcesBuildPhase section */
		775C734623A0F34500A308B4 /* Resources */ = {
			isa = PBXResourcesBuildPhase;
			buildActionMask = 2147483647;
			files = (
				775C735823A0F34700A308B4 /* LaunchScreen.storyboard in Resources */,
				775C735523A0F34700A308B4 /* Assets.xcassets in Resources */,
				7705058124735747000E0D2F /* mbr-1014x792.png in Resources */,
			);
			runOnlyForDeploymentPostprocessing = 0;
		};
/* End PBXResourcesBuildPhase section */

/* Begin PBXSourcesBuildPhase section */
		775C734423A0F34500A308B4 /* Sources */ = {
			isa = PBXSourcesBuildPhase;
			buildActionMask = 2147483647;
			files = (
				7705057F24735483000E0D2F /* LogoCustomClass.swift in Sources */,
				775C734C23A0F34500A308B4 /* AppDelegate.swift in Sources */,
				77D4386623CD3BAD000F0C0E /* HomeViewController.swift in Sources */,
				77050587247371E2000E0D2F /* StackViewForDashBoardButtonAndLabel.swift in Sources */,
				775C734E23A0F34600A308B4 /* SceneDelegate.swift in Sources */,
				7705058524736B4D000E0D2F /* DashBoardScoreLabel.swift in Sources */,
				7705058324736269000E0D2F /* DifficultyLevelsCustomButton.swift in Sources */,
				77050589247623C8000E0D2F /* ButtonsHeight.swift in Sources */,
				7705057D24734B09000E0D2F /* AppNameLabel.swift in Sources */,
			);
			runOnlyForDeploymentPostprocessing = 0;
		};
/* End PBXSourcesBuildPhase section */

/* Begin PBXVariantGroup section */
		775C735623A0F34700A308B4 /* LaunchScreen.storyboard */ = {
			isa = PBXVariantGroup;
			children = (
				775C735723A0F34700A308B4 /* Base */,
			);
			name = LaunchScreen.storyboard;
			sourceTree = "<group>";
		};
/* End PBXVariantGroup section */

/* Begin XCBuildConfiguration section */
		775C735A23A0F34700A308B4 /* Debug */ = {
			isa = XCBuildConfiguration;
			buildSettings = {
				ALWAYS_SEARCH_USER_PATHS = NO;
				CLANG_ANALYZER_NONNULL = YES;
				CLANG_ANALYZER_NUMBER_OBJECT_CONVERSION = YES_AGGRESSIVE;
				CLANG_CXX_LANGUAGE_STANDARD = "gnu++14";
				CLANG_CXX_LIBRARY = "libc++";
				CLANG_ENABLE_MODULES = YES;
				CLANG_ENABLE_OBJC_ARC = YES;
				CLANG_ENABLE_OBJC_WEAK = YES;
				CLANG_WARN_BLOCK_CAPTURE_AUTORELEASING = YES;
				CLANG_WARN_BOOL_CONVERSION = YES;
				CLANG_WARN_COMMA = YES;
				CLANG_WARN_CONSTANT_CONVERSION = YES;
				CLANG_WARN_DEPRECATED_OBJC_IMPLEMENTATIONS = YES;
				CLANG_WARN_DIRECT_OBJC_ISA_USAGE = YES_ERROR;
				CLANG_WARN_DOCUMENTATION_COMMENTS = YES;
				CLANG_WARN_EMPTY_BODY = YES;
				CLANG_WARN_ENUM_CONVERSION = YES;
				CLANG_WARN_INFINITE_RECURSION = YES;
				CLANG_WARN_INT_CONVERSION = YES;
				CLANG_WARN_NON_LITERAL_NULL_CONVERSION = YES;
				CLANG_WARN_OBJC_IMPLICIT_RETAIN_SELF = YES;
				CLANG_WARN_OBJC_LITERAL_CONVERSION = YES;
				CLANG_WARN_OBJC_ROOT_CLASS = YES_ERROR;
				CLANG_WARN_RANGE_LOOP_ANALYSIS = YES;
				CLANG_WARN_STRICT_PROTOTYPES = YES;
				CLANG_WARN_SUSPICIOUS_MOVE = YES;
				CLANG_WARN_UNGUARDED_AVAILABILITY = YES_AGGRESSIVE;
				CLANG_WARN_UNREACHABLE_CODE = YES;
				CLANG_WARN__DUPLICATE_METHOD_MATCH = YES;
				COPY_PHASE_STRIP = NO;
				DEBUG_INFORMATION_FORMAT = dwarf;
				ENABLE_STRICT_OBJC_MSGSEND = YES;
				ENABLE_TESTABILITY = YES;
				GCC_C_LANGUAGE_STANDARD = gnu11;
				GCC_DYNAMIC_NO_PIC = NO;
				GCC_NO_COMMON_BLOCKS = YES;
				GCC_OPTIMIZATION_LEVEL = 0;
				GCC_PREPROCESSOR_DEFINITIONS = (
					"DEBUG=1",
					"$(inherited)",
				);
				GCC_WARN_64_TO_32_BIT_CONVERSION = YES;
				GCC_WARN_ABOUT_RETURN_TYPE = YES_ERROR;
				GCC_WARN_UNDECLARED_SELECTOR = YES;
				GCC_WARN_UNINITIALIZED_AUTOS = YES_AGGRESSIVE;
				GCC_WARN_UNUSED_FUNCTION = YES;
				GCC_WARN_UNUSED_VARIABLE = YES;
				IPHONEOS_DEPLOYMENT_TARGET = 13.2;
				MTL_ENABLE_DEBUG_INFO = INCLUDE_SOURCE;
				MTL_FAST_MATH = YES;
				ONLY_ACTIVE_ARCH = YES;
				SDKROOT = iphoneos;
				SWIFT_ACTIVE_COMPILATION_CONDITIONS = DEBUG;
				SWIFT_OPTIMIZATION_LEVEL = "-Onone";
			};
			name = Debug;
		};
		775C735B23A0F34700A308B4 /* Release */ = {
			isa = XCBuildConfiguration;
			buildSettings = {
				ALWAYS_SEARCH_USER_PATHS = NO;
				CLANG_ANALYZER_NONNULL = YES;
				CLANG_ANALYZER_NUMBER_OBJECT_CONVERSION = YES_AGGRESSIVE;
				CLANG_CXX_LANGUAGE_STANDARD = "gnu++14";
				CLANG_CXX_LIBRARY = "libc++";
				CLANG_ENABLE_MODULES = YES;
				CLANG_ENABLE_OBJC_ARC = YES;
				CLANG_ENABLE_OBJC_WEAK = YES;
				CLANG_WARN_BLOCK_CAPTURE_AUTORELEASING = YES;
				CLANG_WARN_BOOL_CONVERSION = YES;
				CLANG_WARN_COMMA = YES;
				CLANG_WARN_CONSTANT_CONVERSION = YES;
				CLANG_WARN_DEPRECATED_OBJC_IMPLEMENTATIONS = YES;
				CLANG_WARN_DIRECT_OBJC_ISA_USAGE = YES_ERROR;
				CLANG_WARN_DOCUMENTATION_COMMENTS = YES;
				CLANG_WARN_EMPTY_BODY = YES;
				CLANG_WARN_ENUM_CONVERSION = YES;
				CLANG_WARN_INFINITE_RECURSION = YES;
				CLANG_WARN_INT_CONVERSION = YES;
				CLANG_WARN_NON_LITERAL_NULL_CONVERSION = YES;
				CLANG_WARN_OBJC_IMPLICIT_RETAIN_SELF = YES;
				CLANG_WARN_OBJC_LITERAL_CONVERSION = YES;
				CLANG_WARN_OBJC_ROOT_CLASS = YES_ERROR;
				CLANG_WARN_RANGE_LOOP_ANALYSIS = YES;
				CLANG_WARN_STRICT_PROTOTYPES = YES;
				CLANG_WARN_SUSPICIOUS_MOVE = YES;
				CLANG_WARN_UNGUARDED_AVAILABILITY = YES_AGGRESSIVE;
				CLANG_WARN_UNREACHABLE_CODE = YES;
				CLANG_WARN__DUPLICATE_METHOD_MATCH = YES;
				COPY_PHASE_STRIP = NO;
				DEBUG_INFORMATION_FORMAT = "dwarf-with-dsym";
				ENABLE_NS_ASSERTIONS = NO;
				ENABLE_STRICT_OBJC_MSGSEND = YES;
				GCC_C_LANGUAGE_STANDARD = gnu11;
				GCC_NO_COMMON_BLOCKS = YES;
				GCC_WARN_64_TO_32_BIT_CONVERSION = YES;
				GCC_WARN_ABOUT_RETURN_TYPE = YES_ERROR;
				GCC_WARN_UNDECLARED_SELECTOR = YES;
				GCC_WARN_UNINITIALIZED_AUTOS = YES_AGGRESSIVE;
				GCC_WARN_UNUSED_FUNCTION = YES;
				GCC_WARN_UNUSED_VARIABLE = YES;
				IPHONEOS_DEPLOYMENT_TARGET = 13.2;
				MTL_ENABLE_DEBUG_INFO = NO;
				MTL_FAST_MATH = YES;
				SDKROOT = iphoneos;
				SWIFT_COMPILATION_MODE = wholemodule;
				SWIFT_OPTIMIZATION_LEVEL = "-O";
				VALIDATE_PRODUCT = YES;
			};
			name = Release;
		};
		775C735D23A0F34700A308B4 /* Debug */ = {
			isa = XCBuildConfiguration;
			buildSettings = {
				ASSETCATALOG_COMPILER_APPICON_NAME = AppIcon;
				CODE_SIGN_STYLE = Automatic;
				DEVELOPMENT_TEAM = 6AY5G84ET7;
				INFOPLIST_FILE = apiCall/Info.plist;
				LD_RUNPATH_SEARCH_PATHS = (
					"$(inherited)",
					"@executable_path/Frameworks",
				);
				PRODUCT_BUNDLE_IDENTIFIER = com.modrame.herokuapp.apiCall;
				PRODUCT_NAME = "$(TARGET_NAME)";
				SWIFT_VERSION = 5.0;
				TARGETED_DEVICE_FAMILY = 1;
			};
			name = Debug;
		};
		775C735E23A0F34700A308B4 /* Release */ = {
			isa = XCBuildConfiguration;
			buildSettings = {
				ASSETCATALOG_COMPILER_APPICON_NAME = AppIcon;
				CODE_SIGN_STYLE = Automatic;
				DEVELOPMENT_TEAM = 6AY5G84ET7;
				INFOPLIST_FILE = apiCall/Info.plist;
				LD_RUNPATH_SEARCH_PATHS = (
					"$(inherited)",
					"@executable_path/Frameworks",
				);
				PRODUCT_BUNDLE_IDENTIFIER = com.modrame.herokuapp.apiCall;
				PRODUCT_NAME = "$(TARGET_NAME)";
				SWIFT_VERSION = 5.0;
				TARGETED_DEVICE_FAMILY = 1;
			};
			name = Release;
		};
/* End XCBuildConfiguration section */

/* Begin XCConfigurationList section */
		775C734323A0F34500A308B4 /* Build configuration list for PBXProject "apiCall" */ = {
			isa = XCConfigurationList;
			buildConfigurations = (
				775C735A23A0F34700A308B4 /* Debug */,
				775C735B23A0F34700A308B4 /* Release */,
			);
			defaultConfigurationIsVisible = 0;
			defaultConfigurationName = Release;
		};
		775C735C23A0F34700A308B4 /* Build configuration list for PBXNativeTarget "apiCall" */ = {
			isa = XCConfigurationList;
			buildConfigurations = (
				775C735D23A0F34700A308B4 /* Debug */,
				775C735E23A0F34700A308B4 /* Release */,
			);
			defaultConfigurationIsVisible = 0;
			defaultConfigurationName = Release;
		};
/* End XCConfigurationList section */
	};
	rootObject = 775C734023A0F34500A308B4 /* Project object */;
}
