// !$*UTF8*$!
{
	archiveVersion = 1;
	classes = {
	};
	objectVersion = 50;
	objects = {

/* Begin PBXBuildFile section */
		77957A782373ADF900ECBE3B /* AppDelegate.swift in Sources */ = {isa = PBXBuildFile; fileRef = 77957A772373ADF900ECBE3B /* AppDelegate.swift */; };
		77957A7A2373ADF900ECBE3B /* SceneDelegate.swift in Sources */ = {isa = PBXBuildFile; fileRef = 77957A792373ADF900ECBE3B /* SceneDelegate.swift */; };
		77957A7C2373ADF900ECBE3B /* ViewController.swift in Sources */ = {isa = PBXBuildFile; fileRef = 77957A7B2373ADF900ECBE3B /* ViewController.swift */; };
		77957A7F2373ADF900ECBE3B /* Main.storyboard in Resources */ = {isa = PBXBuildFile; fileRef = 77957A7D2373ADF900ECBE3B /* Main.storyboard */; };
		77957A812373ADFA00ECBE3B /* Assets.xcassets in Resources */ = {isa = PBXBuildFile; fileRef = 77957A802373ADFA00ECBE3B /* Assets.xcassets */; };
		77957A842373ADFA00ECBE3B /* LaunchScreen.storyboard in Resources */ = {isa = PBXBuildFile; fileRef = 77957A822373ADFA00ECBE3B /* LaunchScreen.storyboard */; };
		77957A8C2373B71600ECBE3B /* start.txt in Resources */ = {isa = PBXBuildFile; fileRef = 77957A8B2373B71600ECBE3B /* start.txt */; };
/* End PBXBuildFile section */

/* Begin PBXFileReference section */
		77957A742373ADF900ECBE3B /* wordPlay.app */ = {isa = PBXFileReference; explicitFileType = wrapper.application; includeInIndex = 0; path = wordPlay.app; sourceTree = BUILT_PRODUCTS_DIR; };
		77957A772373ADF900ECBE3B /* AppDelegate.swift */ = {isa = PBXFileReference; lastKnownFileType = sourcecode.swift; path = AppDelegate.swift; sourceTree = "<group>"; };
		77957A792373ADF900ECBE3B /* SceneDelegate.swift */ = {isa = PBXFileReference; lastKnownFileType = sourcecode.swift; path = SceneDelegate.swift; sourceTree = "<group>"; };
		77957A7B2373ADF900ECBE3B /* ViewController.swift */ = {isa = PBXFileReference; lastKnownFileType = sourcecode.swift; path = ViewController.swift; sourceTree = "<group>"; };
		77957A7E2373ADF900ECBE3B /* Base */ = {isa = PBXFileReference; lastKnownFileType = file.storyboard; name = Base; path = Base.lproj/Main.storyboard; sourceTree = "<group>"; };
		77957A802373ADFA00ECBE3B /* Assets.xcassets */ = {isa = PBXFileReference; lastKnownFileType = folder.assetcatalog; path = Assets.xcassets; sourceTree = "<group>"; };
		77957A832373ADFA00ECBE3B /* Base */ = {isa = PBXFileReference; lastKnownFileType = file.storyboard; name = Base; path = Base.lproj/LaunchScreen.storyboard; sourceTree = "<group>"; };
		77957A852373ADFA00ECBE3B /* Info.plist */ = {isa = PBXFileReference; lastKnownFileType = text.plist.xml; path = Info.plist; sourceTree = "<group>"; };
		77957A8B2373B71600ECBE3B /* start.txt */ = {isa = PBXFileReference; fileEncoding = 4; lastKnownFileType = text; path = start.txt; sourceTree = "<group>"; };
/* End PBXFileReference section */

/* Begin PBXFrameworksBuildPhase section */
		77957A712373ADF900ECBE3B /* Frameworks */ = {
			isa = PBXFrameworksBuildPhase;
			buildActionMask = 2147483647;
			files = (
			);
			runOnlyForDeploymentPostprocessing = 0;
		};
/* End PBXFrameworksBuildPhase section */

/* Begin PBXGroup section */
		77957A6B2373ADF900ECBE3B = {
			isa = PBXGroup;
			children = (
				77957A762373ADF900ECBE3B /* wordPlay */,
				77957A752373ADF900ECBE3B /* Products */,
			);
			sourceTree = "<group>";
		};
		77957A752373ADF900ECBE3B /* Products */ = {
			isa = PBXGroup;
			children = (
				77957A742373ADF900ECBE3B /* wordPlay.app */,
			);
			name = Products;
			sourceTree = "<group>";
		};
		77957A762373ADF900ECBE3B /* wordPlay */ = {
			isa = PBXGroup;
			children = (
				77957A772373ADF900ECBE3B /* AppDelegate.swift */,
				77957A792373ADF900ECBE3B /* SceneDelegate.swift */,
				77957A8F2373B73800ECBE3B /* Model */,
				77957A8D2373B71C00ECBE3B /* View */,
				77957A8E2373B72500ECBE3B /* Controller */,
				77957A802373ADFA00ECBE3B /* Assets.xcassets */,
				77957A822373ADFA00ECBE3B /* LaunchScreen.storyboard */,
				77957A852373ADFA00ECBE3B /* Info.plist */,
			);
			path = wordPlay;
			sourceTree = "<group>";
		};
		77957A8D2373B71C00ECBE3B /* View */ = {
			isa = PBXGroup;
			children = (
				77957A7D2373ADF900ECBE3B /* Main.storyboard */,
			);
			path = View;
			sourceTree = "<group>";
		};
		77957A8E2373B72500ECBE3B /* Controller */ = {
			isa = PBXGroup;
			children = (
				77957A7B2373ADF900ECBE3B /* ViewController.swift */,
			);
			path = Controller;
			sourceTree = "<group>";
		};
		77957A8F2373B73800ECBE3B /* Model */ = {
			isa = PBXGroup;
			children = (
				77957A8B2373B71600ECBE3B /* start.txt */,
			);
			path = Model;
			sourceTree = "<group>";
		};
/* End PBXGroup section */

/* Begin PBXNativeTarget section */
		77957A732373ADF900ECBE3B /* wordPlay */ = {
			isa = PBXNativeTarget;
			buildConfigurationList = 77957A882373ADFA00ECBE3B /* Build configuration list for PBXNativeTarget "wordPlay" */;
			buildPhases = (
				77957A702373ADF900ECBE3B /* Sources */,
				77957A712373ADF900ECBE3B /* Frameworks */,
				77957A722373ADF900ECBE3B /* Resources */,
			);
			buildRules = (
			);
			dependencies = (
			);
			name = wordPlay;
			productName = wordPlay;
			productReference = 77957A742373ADF900ECBE3B /* wordPlay.app */;
			productType = "com.apple.product-type.application";
		};
/* End PBXNativeTarget section */

/* Begin PBXProject section */
		77957A6C2373ADF900ECBE3B /* Project object */ = {
			isa = PBXProject;
			attributes = {
				LastSwiftUpdateCheck = 1120;
				LastUpgradeCheck = 1120;
				ORGANIZATIONNAME = "Mo Drame";
				TargetAttributes = {
					77957A732373ADF900ECBE3B = {
						CreatedOnToolsVersion = 11.2;
					};
				};
			};
			buildConfigurationList = 77957A6F2373ADF900ECBE3B /* Build configuration list for PBXProject "wordPlay" */;
			compatibilityVersion = "Xcode 9.3";
			developmentRegion = en;
			hasScannedForEncodings = 0;
			knownRegions = (
				en,
				Base,
			);
			mainGroup = 77957A6B2373ADF900ECBE3B;
			productRefGroup = 77957A752373ADF900ECBE3B /* Products */;
			projectDirPath = "";
			projectRoot = "";
			targets = (
				77957A732373ADF900ECBE3B /* wordPlay */,
			);
		};
/* End PBXProject section */

/* Begin PBXResourcesBuildPhase section */
		77957A722373ADF900ECBE3B /* Resources */ = {
			isa = PBXResourcesBuildPhase;
			buildActionMask = 2147483647;
			files = (
				77957A842373ADFA00ECBE3B /* LaunchScreen.storyboard in Resources */,
				77957A8C2373B71600ECBE3B /* start.txt in Resources */,
				77957A812373ADFA00ECBE3B /* Assets.xcassets in Resources */,
				77957A7F2373ADF900ECBE3B /* Main.storyboard in Resources */,
			);
			runOnlyForDeploymentPostprocessing = 0;
		};
/* End PBXResourcesBuildPhase section */

/* Begin PBXSourcesBuildPhase section */
		77957A702373ADF900ECBE3B /* Sources */ = {
			isa = PBXSourcesBuildPhase;
			buildActionMask = 2147483647;
			files = (
				77957A7C2373ADF900ECBE3B /* ViewController.swift in Sources */,
				77957A782373ADF900ECBE3B /* AppDelegate.swift in Sources */,
				77957A7A2373ADF900ECBE3B /* SceneDelegate.swift in Sources */,
			);
			runOnlyForDeploymentPostprocessing = 0;
		};
/* End PBXSourcesBuildPhase section */

/* Begin PBXVariantGroup section */
		77957A7D2373ADF900ECBE3B /* Main.storyboard */ = {
			isa = PBXVariantGroup;
			children = (
				77957A7E2373ADF900ECBE3B /* Base */,
			);
			name = Main.storyboard;
			sourceTree = "<group>";
		};
		77957A822373ADFA00ECBE3B /* LaunchScreen.storyboard */ = {
			isa = PBXVariantGroup;
			children = (
				77957A832373ADFA00ECBE3B /* Base */,
			);
			name = LaunchScreen.storyboard;
			sourceTree = "<group>";
		};
/* End PBXVariantGroup section */

/* Begin XCBuildConfiguration section */
		77957A862373ADFA00ECBE3B /* Debug */ = {
			isa = XCBuildConfiguration;
			buildSettings = {
				ALWAYS_SEARCH_USER_PATHS = NO;
				CLANG_ANALYZER_NONNULL = YES;
				CLANG_ANALYZER_NUMBER_OBJECT_CONVERSION = YES_AGGRESSIVE;
				CLANG_CXX_LANGUAGE_STANDARD = "gnu++14";
				CLANG_CXX_LIBRARY = "libc++";
				CLANG_ENABLE_MODULES = YES;
				CLANG_ENABLE_OBJC_ARC = YES;
				CLANG_ENABLE_OBJC_WEAK = YES;
				CLANG_WARN_BLOCK_CAPTURE_AUTORELEASING = YES;
				CLANG_WARN_BOOL_CONVERSION = YES;
				CLANG_WARN_COMMA = YES;
				CLANG_WARN_CONSTANT_CONVERSION = YES;
				CLANG_WARN_DEPRECATED_OBJC_IMPLEMENTATIONS = YES;
				CLANG_WARN_DIRECT_OBJC_ISA_USAGE = YES_ERROR;
				CLANG_WARN_DOCUMENTATION_COMMENTS = YES;
				CLANG_WARN_EMPTY_BODY = YES;
				CLANG_WARN_ENUM_CONVERSION = YES;
				CLANG_WARN_INFINITE_RECURSION = YES;
				CLANG_WARN_INT_CONVERSION = YES;
				CLANG_WARN_NON_LITERAL_NULL_CONVERSION = YES;
				CLANG_WARN_OBJC_IMPLICIT_RETAIN_SELF = YES;
				CLANG_WARN_OBJC_LITERAL_CONVERSION = YES;
				CLANG_WARN_OBJC_ROOT_CLASS = YES_ERROR;
				CLANG_WARN_RANGE_LOOP_ANALYSIS = YES;
				CLANG_WARN_STRICT_PROTOTYPES = YES;
				CLANG_WARN_SUSPICIOUS_MOVE = YES;
				CLANG_WARN_UNGUARDED_AVAILABILITY = YES_AGGRESSIVE;
				CLANG_WARN_UNREACHABLE_CODE = YES;
				CLANG_WARN__DUPLICATE_METHOD_MATCH = YES;
				COPY_PHASE_STRIP = NO;
				DEBUG_INFORMATION_FORMAT = dwarf;
				ENABLE_STRICT_OBJC_MSGSEND = YES;
				ENABLE_TESTABILITY = YES;
				GCC_C_LANGUAGE_STANDARD = gnu11;
				GCC_DYNAMIC_NO_PIC = NO;
				GCC_NO_COMMON_BLOCKS = YES;
				GCC_OPTIMIZATION_LEVEL = 0;
				GCC_PREPROCESSOR_DEFINITIONS = (
					"DEBUG=1",
					"$(inherited)",
				);
				GCC_WARN_64_TO_32_BIT_CONVERSION = YES;
				GCC_WARN_ABOUT_RETURN_TYPE = YES_ERROR;
				GCC_WARN_UNDECLARED_SELECTOR = YES;
				GCC_WARN_UNINITIALIZED_AUTOS = YES_AGGRESSIVE;
				GCC_WARN_UNUSED_FUNCTION = YES;
				GCC_WARN_UNUSED_VARIABLE = YES;
				IPHONEOS_DEPLOYMENT_TARGET = 13.2;
				MTL_ENABLE_DEBUG_INFO = INCLUDE_SOURCE;
				MTL_FAST_MATH = YES;
				ONLY_ACTIVE_ARCH = YES;
				SDKROOT = iphoneos;
				SWIFT_ACTIVE_COMPILATION_CONDITIONS = DEBUG;
				SWIFT_OPTIMIZATION_LEVEL = "-Onone";
			};
			name = Debug;
		};
		77957A872373ADFA00ECBE3B /* Release */ = {
			isa = XCBuildConfiguration;
			buildSettings = {
				ALWAYS_SEARCH_USER_PATHS = NO;
				CLANG_ANALYZER_NONNULL = YES;
				CLANG_ANALYZER_NUMBER_OBJECT_CONVERSION = YES_AGGRESSIVE;
				CLANG_CXX_LANGUAGE_STANDARD = "gnu++14";
				CLANG_CXX_LIBRARY = "libc++";
				CLANG_ENABLE_MODULES = YES;
				CLANG_ENABLE_OBJC_ARC = YES;
				CLANG_ENABLE_OBJC_WEAK = YES;
				CLANG_WARN_BLOCK_CAPTURE_AUTORELEASING = YES;
				CLANG_WARN_BOOL_CONVERSION = YES;
				CLANG_WARN_COMMA = YES;
				CLANG_WARN_CONSTANT_CONVERSION = YES;
				CLANG_WARN_DEPRECATED_OBJC_IMPLEMENTATIONS = YES;
				CLANG_WARN_DIRECT_OBJC_ISA_USAGE = YES_ERROR;
				CLANG_WARN_DOCUMENTATION_COMMENTS = YES;
				CLANG_WARN_EMPTY_BODY = YES;
				CLANG_WARN_ENUM_CONVERSION = YES;
				CLANG_WARN_INFINITE_RECURSION = YES;
				CLANG_WARN_INT_CONVERSION = YES;
				CLANG_WARN_NON_LITERAL_NULL_CONVERSION = YES;
				CLANG_WARN_OBJC_IMPLICIT_RETAIN_SELF = YES;
				CLANG_WARN_OBJC_LITERAL_CONVERSION = YES;
				CLANG_WARN_OBJC_ROOT_CLASS = YES_ERROR;
				CLANG_WARN_RANGE_LOOP_ANALYSIS = YES;
				CLANG_WARN_STRICT_PROTOTYPES = YES;
				CLANG_WARN_SUSPICIOUS_MOVE = YES;
				CLANG_WARN_UNGUARDED_AVAILABILITY = YES_AGGRESSIVE;
				CLANG_WARN_UNREACHABLE_CODE = YES;
				CLANG_WARN__DUPLICATE_METHOD_MATCH = YES;
				COPY_PHASE_STRIP = NO;
				DEBUG_INFORMATION_FORMAT = "dwarf-with-dsym";
				ENABLE_NS_ASSERTIONS = NO;
				ENABLE_STRICT_OBJC_MSGSEND = YES;
				GCC_C_LANGUAGE_STANDARD = gnu11;
				GCC_NO_COMMON_BLOCKS = YES;
				GCC_WARN_64_TO_32_BIT_CONVERSION = YES;
				GCC_WARN_ABOUT_RETURN_TYPE = YES_ERROR;
				GCC_WARN_UNDECLARED_SELECTOR = YES;
				GCC_WARN_UNINITIALIZED_AUTOS = YES_AGGRESSIVE;
				GCC_WARN_UNUSED_FUNCTION = YES;
				GCC_WARN_UNUSED_VARIABLE = YES;
				IPHONEOS_DEPLOYMENT_TARGET = 13.2;
				MTL_ENABLE_DEBUG_INFO = NO;
				MTL_FAST_MATH = YES;
				SDKROOT = iphoneos;
				SWIFT_COMPILATION_MODE = wholemodule;
				SWIFT_OPTIMIZATION_LEVEL = "-O";
				VALIDATE_PRODUCT = YES;
			};
			name = Release;
		};
		77957A892373ADFA00ECBE3B /* Debug */ = {
			isa = XCBuildConfiguration;
			buildSettings = {
				ASSETCATALOG_COMPILER_APPICON_NAME = AppIcon;
				CODE_SIGN_STYLE = Automatic;
				DEVELOPMENT_TEAM = 6AY5G84ET7;
				INFOPLIST_FILE = wordPlay/Info.plist;
				LD_RUNPATH_SEARCH_PATHS = (
					"$(inherited)",
					"@executable_path/Frameworks",
				);
				PRODUCT_BUNDLE_IDENTIFIER = com.modrame.herokuapp.wordPlay;
				PRODUCT_NAME = "$(TARGET_NAME)";
				SWIFT_VERSION = 5.0;
				TARGETED_DEVICE_FAMILY = 1;
			};
			name = Debug;
		};
		77957A8A2373ADFA00ECBE3B /* Release */ = {
			isa = XCBuildConfiguration;
			buildSettings = {
				ASSETCATALOG_COMPILER_APPICON_NAME = AppIcon;
				CODE_SIGN_STYLE = Automatic;
				DEVELOPMENT_TEAM = 6AY5G84ET7;
				INFOPLIST_FILE = wordPlay/Info.plist;
				LD_RUNPATH_SEARCH_PATHS = (
					"$(inherited)",
					"@executable_path/Frameworks",
				);
				PRODUCT_BUNDLE_IDENTIFIER = com.modrame.herokuapp.wordPlay;
				PRODUCT_NAME = "$(TARGET_NAME)";
				SWIFT_VERSION = 5.0;
				TARGETED_DEVICE_FAMILY = 1;
			};
			name = Release;
		};
/* End XCBuildConfiguration section */

/* Begin XCConfigurationList section */
		77957A6F2373ADF900ECBE3B /* Build configuration list for PBXProject "wordPlay" */ = {
			isa = XCConfigurationList;
			buildConfigurations = (
				77957A862373ADFA00ECBE3B /* Debug */,
				77957A872373ADFA00ECBE3B /* Release */,
			);
			defaultConfigurationIsVisible = 0;
			defaultConfigurationName = Release;
		};
		77957A882373ADFA00ECBE3B /* Build configuration list for PBXNativeTarget "wordPlay" */ = {
			isa = XCConfigurationList;
			buildConfigurations = (
				77957A892373ADFA00ECBE3B /* Debug */,
				77957A8A2373ADFA00ECBE3B /* Release */,
			);
			defaultConfigurationIsVisible = 0;
			defaultConfigurationName = Release;
		};
/* End XCConfigurationList section */
	};
	rootObject = 77957A6C2373ADF900ECBE3B /* Project object */;
}
